
Microsoft Visual Studio Solution File, Format Version 12.00
# Visual Studio Version 16
VisualStudioVersion = 16.0.31321.278
MinimumVisualStudioVersion = 10.0.40219.1
Project("{FAE04EC0-301F-11D3-BF4B-00C04F79EFBC}") = "EventsAndDelegates", "EventsAndDelegates.csproj", "{0BB15A3B-DD77-4C43-8227-6AA1086D655C}"
EndProject
Global
	GlobalSection(SolutionConfigurationPlatforms) = preSolution
		Debug|Any CPU = Debug|Any CPU
		Release|Any CPU = Release|Any CPU
	EndGlobalSection
	GlobalSection(ProjectConfigurationPlatforms) = postSolution
		{0BB15A3B-DD77-4C43-8227-6AA1086D655C}.Debug|Any CPU.ActiveCfg = Debug|Any CPU
		{0BB15A3B-DD77-4C43-8227-6AA1086D655C}.Debug|Any CPU.Build.0 = Debug|Any CPU
		{0BB15A3B-DD77-4C43-8227-6AA1086D655C}.Release|Any CPU.ActiveCfg = Release|Any CPU
		{0BB15A3B-DD77-4C43-8227-6AA1086D655C}.Release|Any CPU.Build.0 = Release|Any CPU
	EndGlobalSection
	GlobalSection(SolutionProperties) = preSolution
		HideSolutionNode = FALSE
	EndGlobalSection
	GlobalSection(ExtensibilityGlobals) = postSolution
		SolutionGuid = {5871838C-8E4D-48B5-86EF-431B1058C8D1}
	EndGlobalSection
EndGlobal
